github.com/ezraorbit/dog v0.0.0-20240403104548-8abb33ab02f1 h1:QO5TaL8t2v7eZ5c/UaqwAMSAupDr4wpOgZsxq0WF11E=
github.com/ezraorbit/dog v0.0.0-20240403104548-8abb33ab02f1/go.mod h1:WCYpVny6NTQmgyeaH4to6xMMOl91Pm4jqSoY9byL8Lk=
github.com/ezraorbit/puppy v1.1.1 h1:NfrJhNiCgekn/c+KXbOZK9d2X3NrBoj7CvvzEAtXyZY=
github.com/ezraorbit/puppy v1.1.1/go.mod h1:A7EdXA4YzIkv1WJeukx7TtiHhCHYzCorxfDU+xP/lII=
